
Microsoft Visual Studio Solution File, Format Version 12.00
# Visual Studio Version 17
VisualStudioVersion = 17.7.34202.233
MinimumVisualStudioVersion = 10.0.40219.1
Project("{9A19103F-16F7-4668-BE54-9A1E7A4F7556}") = "OOPs_Concepts", "OOPs_Concepts\OOPs_Concepts.csproj", "{0038DF8F-9085-4853-9BEC-29B27CE48273}"
EndProject
Project("{FAE04EC0-301F-11D3-BF4B-00C04F79EFBC}") = "Amazon", "Amazon\Amazon.csproj", "{8CB925EA-E750-4D1C-8987-1C9A08C2AA8F}"
EndProject
Global
	GlobalSection(SolutionConfigurationPlatforms) = preSolution
		Debug|Any CPU = Debug|Any CPU
		Release|Any CPU = Release|Any CPU
	EndGlobalSection
	GlobalSection(ProjectConfigurationPlatforms) = postSolution
		{0038DF8F-9085-4853-9BEC-29B27CE48273}.Debug|Any CPU.ActiveCfg = Debug|Any CPU
		{0038DF8F-9085-4853-9BEC-29B27CE48273}.Debug|Any CPU.Build.0 = Debug|Any CPU
		{0038DF8F-9085-4853-9BEC-29B27CE48273}.Release|Any CPU.ActiveCfg = Release|Any CPU
		{0038DF8F-9085-4853-9BEC-29B27CE48273}.Release|Any CPU.Build.0 = Release|Any CPU
		{8CB925EA-E750-4D1C-8987-1C9A08C2AA8F}.Debug|Any CPU.ActiveCfg = Debug|Any CPU
		{8CB925EA-E750-4D1C-8987-1C9A08C2AA8F}.Debug|Any CPU.Build.0 = Debug|Any CPU
		{8CB925EA-E750-4D1C-8987-1C9A08C2AA8F}.Release|Any CPU.ActiveCfg = Release|Any CPU
		{8CB925EA-E750-4D1C-8987-1C9A08C2AA8F}.Release|Any CPU.Build.0 = Release|Any CPU
	EndGlobalSection
	GlobalSection(SolutionProperties) = preSolution
		HideSolutionNode = FALSE
	EndGlobalSection
	GlobalSection(ExtensibilityGlobals) = postSolution
		SolutionGuid = {3B6B4F4E-7222-4CF5-A21D-0CCC8542E913}
	EndGlobalSection
EndGlobal
